// !$*UTF8*$!
{
	archiveVersion = 1;
	classes = {
	};
	objectVersion = 55;
	objects = {

/* Begin PBXBuildFile section */
		8E132D6D2699A29300630D4F /* ApiClient.swift in Sources */ = {isa = PBXBuildFile; fileRef = 8E132D6C2699A29300630D4F /* ApiClient.swift */; };
		8E66DA8F2691A01B0083B5C4 /* BasePresenter.swift in Sources */ = {isa = PBXBuildFile; fileRef = 8E66DA8E2691A01B0083B5C4 /* BasePresenter.swift */; };
		8E66DA912691A0DA0083B5C4 /* BaseView.swift in Sources */ = {isa = PBXBuildFile; fileRef = 8E66DA902691A0DA0083B5C4 /* BaseView.swift */; };
		8E66DA962691A3F00083B5C4 /* StartView.swift in Sources */ = {isa = PBXBuildFile; fileRef = 8E66DA952691A3F00083B5C4 /* StartView.swift */; };
		8E66DA992691A44E0083B5C4 /* ArchiveView.swift in Sources */ = {isa = PBXBuildFile; fileRef = 8E66DA982691A44E0083B5C4 /* ArchiveView.swift */; };
		8E66DA9C2691A4E30083B5C4 /* Comic.swift in Sources */ = {isa = PBXBuildFile; fileRef = 8E66DA9B2691A4E30083B5C4 /* Comic.swift */; };
		8E66DA9E2691A59B0083B5C4 /* ComicPanels.swift in Sources */ = {isa = PBXBuildFile; fileRef = 8E66DA9D2691A59B0083B5C4 /* ComicPanels.swift */; };
		8E6BA4A7269ADA72005F7E66 /* Consts.swift in Sources */ = {isa = PBXBuildFile; fileRef = 8E6BA4A6269ADA72005F7E66 /* Consts.swift */; };
		8E70FD68269A194400E57848 /* ApiRequest.swift in Sources */ = {isa = PBXBuildFile; fileRef = 8E70FD67269A194400E57848 /* ApiRequest.swift */; };
		8E70FD6A269A1A6C00E57848 /* GetComicsRequest.swift in Sources */ = {isa = PBXBuildFile; fileRef = 8E70FD69269A1A6C00E57848 /* GetComicsRequest.swift */; };
		8E70FD6C269A1ADF00E57848 /* GetComicPanelRequest.swift in Sources */ = {isa = PBXBuildFile; fileRef = 8E70FD6B269A1ADF00E57848 /* GetComicPanelRequest.swift */; };
		8E989E672691BF3C00B4BA86 /* RxSwift in Frameworks */ = {isa = PBXBuildFile; productRef = 8E989E662691BF3C00B4BA86 /* RxSwift */; };
		8E989E6A2691C03600B4BA86 /* ComicView.swift in Sources */ = {isa = PBXBuildFile; fileRef = 8E989E692691C03600B4BA86 /* ComicView.swift */; };
		8E989E6C2691C0D800B4BA86 /* ComicGalleryView.swift in Sources */ = {isa = PBXBuildFile; fileRef = 8E989E6B2691C0D800B4BA86 /* ComicGalleryView.swift */; };
		8E989E722691C31A00B4BA86 /* ComicRepositoryLocal.swift in Sources */ = {isa = PBXBuildFile; fileRef = 8E989E712691C31A00B4BA86 /* ComicRepositoryLocal.swift */; };
		8E989E742691C45800B4BA86 /* ComicRepositoryRemote.swift in Sources */ = {isa = PBXBuildFile; fileRef = 8E989E732691C45800B4BA86 /* ComicRepositoryRemote.swift */; };
		8E989E772691C52E00B4BA86 /* Operation.swift in Sources */ = {isa = PBXBuildFile; fileRef = 8E989E762691C52E00B4BA86 /* Operation.swift */; };
		8E989E792691C57100B4BA86 /* GetComicPanelsOperation.swift in Sources */ = {isa = PBXBuildFile; fileRef = 8E989E782691C57100B4BA86 /* GetComicPanelsOperation.swift */; };
		8E989E7C2691C76200B4BA86 /* Swinject in Frameworks */ = {isa = PBXBuildFile; productRef = 8E989E7B2691C76200B4BA86 /* Swinject */; };
		8E989E7F2691C79900B4BA86 /* Container.swift in Sources */ = {isa = PBXBuildFile; fileRef = 8E989E7E2691C79900B4BA86 /* Container.swift */; };
		8E989E812691C7B100B4BA86 /* Module.swift in Sources */ = {isa = PBXBuildFile; fileRef = 8E989E802691C7B100B4BA86 /* Module.swift */; };
		8E989E842691CD5D00B4BA86 /* GetComicsOperation.swift in Sources */ = {isa = PBXBuildFile; fileRef = 8E989E832691CD5D00B4BA86 /* GetComicsOperation.swift */; };
		8E9C39FC2690C15B0064E535 /* iosApp.swift in Sources */ = {isa = PBXBuildFile; fileRef = 8E9C39FB2690C15B0064E535 /* iosApp.swift */; };
		8E9C39FE2690C15B0064E535 /* ContentView.swift in Sources */ = {isa = PBXBuildFile; fileRef = 8E9C39FD2690C15B0064E535 /* ContentView.swift */; };
		8E9C3A002690C15C0064E535 /* Assets.xcassets in Resources */ = {isa = PBXBuildFile; fileRef = 8E9C39FF2690C15C0064E535 /* Assets.xcassets */; };
		8EA22D5D26AC1FE5002A8573 /* AssetReader.swift in Sources */ = {isa = PBXBuildFile; fileRef = 8EA22D5C26AC1FE5002A8573 /* AssetReader.swift */; };
		8EA22D5F26AC2041002A8573 /* Serializer.swift in Sources */ = {isa = PBXBuildFile; fileRef = 8EA22D5E26AC2041002A8573 /* Serializer.swift */; };
		8EA22D6226AC2446002A8573 /* Logger.swift in Sources */ = {isa = PBXBuildFile; fileRef = 8EA22D6126AC2446002A8573 /* Logger.swift */; };
		8EE1BF462699735B00715753 /* ComicDto.swift in Sources */ = {isa = PBXBuildFile; fileRef = 8EE1BF452699735B00715753 /* ComicDto.swift */; };
		8EE1BF482699749600715753 /* Mapper.swift in Sources */ = {isa = PBXBuildFile; fileRef = 8EE1BF472699749600715753 /* Mapper.swift */; };
		8EE1BF4B2699754600715753 /* ComicMapper.swift in Sources */ = {isa = PBXBuildFile; fileRef = 8EE1BF4A2699754600715753 /* ComicMapper.swift */; };
		8EE1BF4F2699791B00715753 /* ComicRepositoryLocalImpl.swift in Sources */ = {isa = PBXBuildFile; fileRef = 8EE1BF4E2699791B00715753 /* ComicRepositoryLocalImpl.swift */; };
		8EE1BF522699794100715753 /* LocalStorage.swift in Sources */ = {isa = PBXBuildFile; fileRef = 8EE1BF512699794100715753 /* LocalStorage.swift */; };
		8EE1BF5426997CFC00715753 /* ComicRepositoryRemoteImpl.swift in Sources */ = {isa = PBXBuildFile; fileRef = 8EE1BF5326997CFC00715753 /* ComicRepositoryRemoteImpl.swift */; };
/* End PBXBuildFile section */

/* Begin PBXFileReference section */
		8E132D6C2699A29300630D4F /* ApiClient.swift */ = {isa = PBXFileReference; lastKnownFileType = sourcecode.swift; path = ApiClient.swift; sourceTree = "<group>"; };
		8E66DA8E2691A01B0083B5C4 /* BasePresenter.swift */ = {isa = PBXFileReference; lastKnownFileType = sourcecode.swift; path = BasePresenter.swift; sourceTree = "<group>"; };
		8E66DA902691A0DA0083B5C4 /* BaseView.swift */ = {isa = PBXFileReference; lastKnownFileType = sourcecode.swift; path = BaseView.swift; sourceTree = "<group>"; };
		8E66DA952691A3F00083B5C4 /* StartView.swift */ = {isa = PBXFileReference; lastKnownFileType = sourcecode.swift; path = StartView.swift; sourceTree = "<group>"; };
		8E66DA982691A44E0083B5C4 /* ArchiveView.swift */ = {isa = PBXFileReference; lastKnownFileType = sourcecode.swift; path = ArchiveView.swift; sourceTree = "<group>"; };
		8E66DA9B2691A4E30083B5C4 /* Comic.swift */ = {isa = PBXFileReference; lastKnownFileType = sourcecode.swift; path = Comic.swift; sourceTree = "<group>"; };
		8E66DA9D2691A59B0083B5C4 /* ComicPanels.swift */ = {isa = PBXFileReference; lastKnownFileType = sourcecode.swift; path = ComicPanels.swift; sourceTree = "<group>"; };
		8E6BA4A6269ADA72005F7E66 /* Consts.swift */ = {isa = PBXFileReference; lastKnownFileType = sourcecode.swift; path = Consts.swift; sourceTree = "<group>"; };
		8E70FD67269A194400E57848 /* ApiRequest.swift */ = {isa = PBXFileReference; lastKnownFileType = sourcecode.swift; path = ApiRequest.swift; sourceTree = "<group>"; };
		8E70FD69269A1A6C00E57848 /* GetComicsRequest.swift */ = {isa = PBXFileReference; lastKnownFileType = sourcecode.swift; path = GetComicsRequest.swift; sourceTree = "<group>"; };
		8E70FD6B269A1ADF00E57848 /* GetComicPanelRequest.swift */ = {isa = PBXFileReference; lastKnownFileType = sourcecode.swift; path = GetComicPanelRequest.swift; sourceTree = "<group>"; };
		8E989E692691C03600B4BA86 /* ComicView.swift */ = {isa = PBXFileReference; lastKnownFileType = sourcecode.swift; path = ComicView.swift; sourceTree = "<group>"; };
		8E989E6B2691C0D800B4BA86 /* ComicGalleryView.swift */ = {isa = PBXFileReference; lastKnownFileType = sourcecode.swift; path = ComicGalleryView.swift; sourceTree = "<group>"; };
		8E989E712691C31A00B4BA86 /* ComicRepositoryLocal.swift */ = {isa = PBXFileReference; lastKnownFileType = sourcecode.swift; path = ComicRepositoryLocal.swift; sourceTree = "<group>"; };
		8E989E732691C45800B4BA86 /* ComicRepositoryRemote.swift */ = {isa = PBXFileReference; lastKnownFileType = sourcecode.swift; path = ComicRepositoryRemote.swift; sourceTree = "<group>"; };
		8E989E762691C52E00B4BA86 /* Operation.swift */ = {isa = PBXFileReference; lastKnownFileType = sourcecode.swift; path = Operation.swift; sourceTree = "<group>"; };
		8E989E782691C57100B4BA86 /* GetComicPanelsOperation.swift */ = {isa = PBXFileReference; lastKnownFileType = sourcecode.swift; path = GetComicPanelsOperation.swift; sourceTree = "<group>"; };
		8E989E7E2691C79900B4BA86 /* Container.swift */ = {isa = PBXFileReference; lastKnownFileType = sourcecode.swift; path = Container.swift; sourceTree = "<group>"; };
		8E989E802691C7B100B4BA86 /* Module.swift */ = {isa = PBXFileReference; lastKnownFileType = sourcecode.swift; path = Module.swift; sourceTree = "<group>"; };
		8E989E832691CD5D00B4BA86 /* GetComicsOperation.swift */ = {isa = PBXFileReference; lastKnownFileType = sourcecode.swift; path = GetComicsOperation.swift; sourceTree = "<group>"; };
		8E9C39F82690C15B0064E535 /* ios.app */ = {isa = PBXFileReference; explicitFileType = wrapper.application; includeInIndex = 0; path = ios.app; sourceTree = BUILT_PRODUCTS_DIR; };
		8E9C39FB2690C15B0064E535 /* iosApp.swift */ = {isa = PBXFileReference; lastKnownFileType = sourcecode.swift; path = iosApp.swift; sourceTree = "<group>"; };
		8E9C39FD2690C15B0064E535 /* ContentView.swift */ = {isa = PBXFileReference; lastKnownFileType = sourcecode.swift; path = ContentView.swift; sourceTree = "<group>"; };
		8E9C39FF2690C15C0064E535 /* Assets.xcassets */ = {isa = PBXFileReference; lastKnownFileType = folder.assetcatalog; path = Assets.xcassets; sourceTree = "<group>"; };
		8E9C3A0C2690C49D0064E535 /* Info.plist */ = {isa = PBXFileReference; lastKnownFileType = text.plist.xml; path = Info.plist; sourceTree = "<group>"; };
		8EA22D5C26AC1FE5002A8573 /* AssetReader.swift */ = {isa = PBXFileReference; lastKnownFileType = sourcecode.swift; path = AssetReader.swift; sourceTree = "<group>"; };
		8EA22D5E26AC2041002A8573 /* Serializer.swift */ = {isa = PBXFileReference; lastKnownFileType = sourcecode.swift; path = Serializer.swift; sourceTree = "<group>"; };
		8EA22D6126AC2446002A8573 /* Logger.swift */ = {isa = PBXFileReference; lastKnownFileType = sourcecode.swift; path = Logger.swift; sourceTree = "<group>"; };
		8EE1BF452699735B00715753 /* ComicDto.swift */ = {isa = PBXFileReference; lastKnownFileType = sourcecode.swift; path = ComicDto.swift; sourceTree = "<group>"; };
		8EE1BF472699749600715753 /* Mapper.swift */ = {isa = PBXFileReference; lastKnownFileType = sourcecode.swift; path = Mapper.swift; sourceTree = "<group>"; };
		8EE1BF4A2699754600715753 /* ComicMapper.swift */ = {isa = PBXFileReference; lastKnownFileType = sourcecode.swift; path = ComicMapper.swift; sourceTree = "<group>"; };
		8EE1BF4E2699791B00715753 /* ComicRepositoryLocalImpl.swift */ = {isa = PBXFileReference; lastKnownFileType = sourcecode.swift; path = ComicRepositoryLocalImpl.swift; sourceTree = "<group>"; };
		8EE1BF512699794100715753 /* LocalStorage.swift */ = {isa = PBXFileReference; lastKnownFileType = sourcecode.swift; path = LocalStorage.swift; sourceTree = "<group>"; };
		8EE1BF5326997CFC00715753 /* ComicRepositoryRemoteImpl.swift */ = {isa = PBXFileReference; lastKnownFileType = sourcecode.swift; path = ComicRepositoryRemoteImpl.swift; sourceTree = "<group>"; };
/* End PBXFileReference section */

/* Begin PBXFrameworksBuildPhase section */
		8E9C39F52690C15B0064E535 /* Frameworks */ = {
			isa = PBXFrameworksBuildPhase;
			buildActionMask = 2147483647;
			files = (
				8E989E672691BF3C00B4BA86 /* RxSwift in Frameworks */,
				8E989E7C2691C76200B4BA86 /* Swinject in Frameworks */,
			);
			runOnlyForDeploymentPostprocessing = 0;
		};
/* End PBXFrameworksBuildPhase section */

/* Begin PBXGroup section */
		8E132D6B2699A25200630D4F /* Api */ = {
			isa = PBXGroup;
			children = (
				8E132D6C2699A29300630D4F /* ApiClient.swift */,
				8E70FD67269A194400E57848 /* ApiRequest.swift */,
				8E70FD69269A1A6C00E57848 /* GetComicsRequest.swift */,
				8E70FD6B269A1ADF00E57848 /* GetComicPanelRequest.swift */,
			);
			path = Api;
			sourceTree = "<group>";
		};
		8E66DA8C26919FFF0083B5C4 /* Views */ = {
			isa = PBXGroup;
			children = (
				8E989E682691BFB500B4BA86 /* Comic */,
				8E66DA972691A4340083B5C4 /* Archive */,
				8E66DA922691A2270083B5C4 /* Start */,
				8E66DA8D2691A0080083B5C4 /* Base */,
			);
			path = Views;
			sourceTree = "<group>";
		};
		8E66DA8D2691A0080083B5C4 /* Base */ = {
			isa = PBXGroup;
			children = (
				8E66DA8E2691A01B0083B5C4 /* BasePresenter.swift */,
				8E66DA902691A0DA0083B5C4 /* BaseView.swift */,
			);
			path = Base;
			sourceTree = "<group>";
		};
		8E66DA922691A2270083B5C4 /* Start */ = {
			isa = PBXGroup;
			children = (
				8E66DA952691A3F00083B5C4 /* StartView.swift */,
			);
			path = Start;
			sourceTree = "<group>";
		};
		8E66DA972691A4340083B5C4 /* Archive */ = {
			isa = PBXGroup;
			children = (
				8E66DA982691A44E0083B5C4 /* ArchiveView.swift */,
			);
			path = Archive;
			sourceTree = "<group>";
		};
		8E66DA9A2691A4CD0083B5C4 /* Models */ = {
			isa = PBXGroup;
			children = (
				8E66DA9B2691A4E30083B5C4 /* Comic.swift */,
				8E66DA9D2691A59B0083B5C4 /* ComicPanels.swift */,
			);
			path = Models;
			sourceTree = "<group>";
		};
		8E989E682691BFB500B4BA86 /* Comic */ = {
			isa = PBXGroup;
			children = (
				8E989E692691C03600B4BA86 /* ComicView.swift */,
				8E989E6B2691C0D800B4BA86 /* ComicGalleryView.swift */,
			);
			path = Comic;
			sourceTree = "<group>";
		};
		8E989E6D2691C17800B4BA86 /* System */ = {
			isa = PBXGroup;
			children = (
				8E9C3A0C2690C49D0064E535 /* Info.plist */,
				8E9C39FB2690C15B0064E535 /* iosApp.swift */,
				8E9C39FF2690C15C0064E535 /* Assets.xcassets */,
			);
			path = System;
			sourceTree = "<group>";
		};
		8E989E6E2691C18500B4BA86 /* Views */ = {
			isa = PBXGroup;
			children = (
			);
			path = Views;
			sourceTree = "<group>";
		};
		8E989E6F2691C2FA00B4BA86 /* Repositories */ = {
			isa = PBXGroup;
			children = (
				8E989E702691C30D00B4BA86 /* Comic */,
			);
			path = Repositories;
			sourceTree = "<group>";
		};
		8E989E702691C30D00B4BA86 /* Comic */ = {
			isa = PBXGroup;
			children = (
				8E989E712691C31A00B4BA86 /* ComicRepositoryLocal.swift */,
				8E989E732691C45800B4BA86 /* ComicRepositoryRemote.swift */,
			);
			path = Comic;
			sourceTree = "<group>";
		};
		8E989E752691C51A00B4BA86 /* Utils */ = {
			isa = PBXGroup;
			children = (
				8EA22D6026AC240B002A8573 /* Abstractions */,
				8E6BA4A6269ADA72005F7E66 /* Consts.swift */,
			);
			path = Utils;
			sourceTree = "<group>";
		};
		8E989E7D2691C76800B4BA86 /* DI */ = {
			isa = PBXGroup;
			children = (
				8E989E7E2691C79900B4BA86 /* Container.swift */,
				8E989E802691C7B100B4BA86 /* Module.swift */,
			);
			path = DI;
			sourceTree = "<group>";
		};
		8E989E822691C7FC00B4BA86 /* Operations */ = {
			isa = PBXGroup;
			children = (
				8E989E782691C57100B4BA86 /* GetComicPanelsOperation.swift */,
				8E989E832691CD5D00B4BA86 /* GetComicsOperation.swift */,
			);
			path = Operations;
			sourceTree = "<group>";
		};
		8E9C39EF2690C15B0064E535 = {
			isa = PBXGroup;
			children = (
				8E9C39FA2690C15B0064E535 /* ios */,
				8E9C39F92690C15B0064E535 /* Products */,
			);
			sourceTree = "<group>";
		};
		8E9C39F92690C15B0064E535 /* Products */ = {
			isa = PBXGroup;
			children = (
				8E9C39F82690C15B0064E535 /* ios.app */,
			);
			name = Products;
			sourceTree = "<group>";
		};
		8E9C39FA2690C15B0064E535 /* ios */ = {
			isa = PBXGroup;
			children = (
				8E9C3A092690C46A0064E535 /* Data */,
				8E9C3A0A2690C4740064E535 /* Domain */,
				8E9C3A0B2690C47B0064E535 /* Presentation */,
				8E989E6D2691C17800B4BA86 /* System */,
			);
			path = ios;
			sourceTree = "<group>";
		};
		8E9C3A092690C46A0064E535 /* Data */ = {
			isa = PBXGroup;
			children = (
				8E132D6B2699A25200630D4F /* Api */,
				8EE1BF502699793300715753 /* Utils */,
				8EE1BF4C269978E100715753 /* Repositories */,
				8EE1BF492699753200715753 /* Mappers */,
				8EE1BF44269972FC00715753 /* Dto */,
			);
			path = Data;
			sourceTree = "<group>";
		};
		8E9C3A0A2690C4740064E535 /* Domain */ = {
			isa = PBXGroup;
			children = (
				8E989E822691C7FC00B4BA86 /* Operations */,
				8E989E7D2691C76800B4BA86 /* DI */,
				8E989E752691C51A00B4BA86 /* Utils */,
				8E989E6F2691C2FA00B4BA86 /* Repositories */,
				8E66DA9A2691A4CD0083B5C4 /* Models */,
				8E66DA8C26919FFF0083B5C4 /* Views */,
			);
			path = Domain;
			sourceTree = "<group>";
		};
		8E9C3A0B2690C47B0064E535 /* Presentation */ = {
			isa = PBXGroup;
			children = (
				8E989E6E2691C18500B4BA86 /* Views */,
				8E9C39FD2690C15B0064E535 /* ContentView.swift */,
			);
			path = Presentation;
			sourceTree = "<group>";
		};
		8EA22D5B26AC1F88002A8573 /* Abstractions */ = {
			isa = PBXGroup;
			children = (
				8EE1BF512699794100715753 /* LocalStorage.swift */,
				8EA22D5C26AC1FE5002A8573 /* AssetReader.swift */,
				8EA22D5E26AC2041002A8573 /* Serializer.swift */,
			);
			path = Abstractions;
			sourceTree = "<group>";
		};
		8EA22D6026AC240B002A8573 /* Abstractions */ = {
			isa = PBXGroup;
			children = (
				8E989E762691C52E00B4BA86 /* Operation.swift */,
				8EA22D6126AC2446002A8573 /* Logger.swift */,
				8EE1BF472699749600715753 /* Mapper.swift */,
			);
			path = Abstractions;
			sourceTree = "<group>";
		};
		8EE1BF44269972FC00715753 /* Dto */ = {
			isa = PBXGroup;
			children = (
				8EE1BF452699735B00715753 /* ComicDto.swift */,
			);
			path = Dto;
			sourceTree = "<group>";
		};
		8EE1BF492699753200715753 /* Mappers */ = {
			isa = PBXGroup;
			children = (
				8EE1BF4A2699754600715753 /* ComicMapper.swift */,
			);
			path = Mappers;
			sourceTree = "<group>";
		};
		8EE1BF4C269978E100715753 /* Repositories */ = {
			isa = PBXGroup;
			children = (
				8EE1BF4D269978FE00715753 /* Comic */,
			);
			path = Repositories;
			sourceTree = "<group>";
		};
		8EE1BF4D269978FE00715753 /* Comic */ = {
			isa = PBXGroup;
			children = (
				8EE1BF4E2699791B00715753 /* ComicRepositoryLocalImpl.swift */,
				8EE1BF5326997CFC00715753 /* ComicRepositoryRemoteImpl.swift */,
			);
			path = Comic;
			sourceTree = "<group>";
		};
		8EE1BF502699793300715753 /* Utils */ = {
			isa = PBXGroup;
			children = (
				8EA22D5B26AC1F88002A8573 /* Abstractions */,
			);
			path = Utils;
			sourceTree = "<group>";
		};
/* End PBXGroup section */

/* Begin PBXNativeTarget section */
		8E9C39F72690C15B0064E535 /* ios */ = {
			isa = PBXNativeTarget;
			buildConfigurationList = 8E9C3A062690C15C0064E535 /* Build configuration list for PBXNativeTarget "ios" */;
			buildPhases = (
				8E9C39F42690C15B0064E535 /* Sources */,
				8E9C39F52690C15B0064E535 /* Frameworks */,
				8E9C39F62690C15B0064E535 /* Resources */,
			);
			buildRules = (
			);
			dependencies = (
			);
			name = ios;
			packageProductDependencies = (
				8E989E662691BF3C00B4BA86 /* RxSwift */,
				8E989E7B2691C76200B4BA86 /* Swinject */,
			);
			productName = ios;
			productReference = 8E9C39F82690C15B0064E535 /* ios.app */;
			productType = "com.apple.product-type.application";
		};
/* End PBXNativeTarget section */

/* Begin PBXProject section */
		8E9C39F02690C15B0064E535 /* Project object */ = {
			isa = PBXProject;
			attributes = {
				BuildIndependentTargetsInParallel = 1;
				LastSwiftUpdateCheck = 1300;
				LastUpgradeCheck = 1300;
				TargetAttributes = {
					8E9C39F72690C15B0064E535 = {
						CreatedOnToolsVersion = 13.0;
					};
				};
			};
			buildConfigurationList = 8E9C39F32690C15B0064E535 /* Build configuration list for PBXProject "ios" */;
			compatibilityVersion = "Xcode 13.0";
			developmentRegion = en;
			hasScannedForEncodings = 0;
			knownRegions = (
				en,
				Base,
			);
			mainGroup = 8E9C39EF2690C15B0064E535;
			packageReferences = (
				8E989E652691BF3C00B4BA86 /* XCRemoteSwiftPackageReference "RxSwift" */,
				8E989E7A2691C76200B4BA86 /* XCRemoteSwiftPackageReference "Swinject" */,
			);
			productRefGroup = 8E9C39F92690C15B0064E535 /* Products */;
			projectDirPath = "";
			projectRoot = "";
			targets = (
				8E9C39F72690C15B0064E535 /* ios */,
			);
		};
/* End PBXProject section */

/* Begin PBXResourcesBuildPhase section */
		8E9C39F62690C15B0064E535 /* Resources */ = {
			isa = PBXResourcesBuildPhase;
			buildActionMask = 2147483647;
			files = (
				8E9C3A002690C15C0064E535 /* Assets.xcassets in Resources */,
			);
			runOnlyForDeploymentPostprocessing = 0;
		};
/* End PBXResourcesBuildPhase section */

/* Begin PBXSourcesBuildPhase section */
		8E9C39F42690C15B0064E535 /* Sources */ = {
			isa = PBXSourcesBuildPhase;
			buildActionMask = 2147483647;
			files = (
				8EA22D6226AC2446002A8573 /* Logger.swift in Sources */,
				8E70FD6A269A1A6C00E57848 /* GetComicsRequest.swift in Sources */,
				8E9C39FE2690C15B0064E535 /* ContentView.swift in Sources */,
				8EE1BF4F2699791B00715753 /* ComicRepositoryLocalImpl.swift in Sources */,
				8E6BA4A7269ADA72005F7E66 /* Consts.swift in Sources */,
				8E132D6D2699A29300630D4F /* ApiClient.swift in Sources */,
				8E989E742691C45800B4BA86 /* ComicRepositoryRemote.swift in Sources */,
				8E70FD6C269A1ADF00E57848 /* GetComicPanelRequest.swift in Sources */,
				8E989E842691CD5D00B4BA86 /* GetComicsOperation.swift in Sources */,
				8EE1BF482699749600715753 /* Mapper.swift in Sources */,
				8E66DA992691A44E0083B5C4 /* ArchiveView.swift in Sources */,
				8E989E722691C31A00B4BA86 /* ComicRepositoryLocal.swift in Sources */,
				8E66DA9E2691A59B0083B5C4 /* ComicPanels.swift in Sources */,
				8E66DA9C2691A4E30083B5C4 /* Comic.swift in Sources */,
				8EE1BF522699794100715753 /* LocalStorage.swift in Sources */,
				8E66DA962691A3F00083B5C4 /* StartView.swift in Sources */,
				8E989E7F2691C79900B4BA86 /* Container.swift in Sources */,
				8EA22D5D26AC1FE5002A8573 /* AssetReader.swift in Sources */,
				8E989E6C2691C0D800B4BA86 /* ComicGalleryView.swift in Sources */,
				8E66DA8F2691A01B0083B5C4 /* BasePresenter.swift in Sources */,
				8EE1BF4B2699754600715753 /* ComicMapper.swift in Sources */,
				8E9C39FC2690C15B0064E535 /* iosApp.swift in Sources */,
				8E989E772691C52E00B4BA86 /* Operation.swift in Sources */,
				8E989E792691C57100B4BA86 /* GetComicPanelsOperation.swift in Sources */,
				8EE1BF5426997CFC00715753 /* ComicRepositoryRemoteImpl.swift in Sources */,
				8E989E812691C7B100B4BA86 /* Module.swift in Sources */,
				8EA22D5F26AC2041002A8573 /* Serializer.swift in Sources */,
				8E989E6A2691C03600B4BA86 /* ComicView.swift in Sources */,
				8E66DA912691A0DA0083B5C4 /* BaseView.swift in Sources */,
				8E70FD68269A194400E57848 /* ApiRequest.swift in Sources */,
				8EE1BF462699735B00715753 /* ComicDto.swift in Sources */,
			);
			runOnlyForDeploymentPostprocessing = 0;
		};
/* End PBXSourcesBuildPhase section */

/* Begin XCBuildConfiguration section */
		8E9C3A042690C15C0064E535 /* Debug */ = {
			isa = XCBuildConfiguration;
			buildSettings = {
				ALWAYS_SEARCH_USER_PATHS = NO;
				CLANG_ANALYZER_NONNULL = YES;
				CLANG_ANALYZER_NUMBER_OBJECT_CONVERSION = YES_AGGRESSIVE;
				CLANG_CXX_LANGUAGE_STANDARD = "gnu++14";
				CLANG_CXX_LIBRARY = "libc++";
				CLANG_ENABLE_MODULES = YES;
				CLANG_ENABLE_OBJC_ARC = YES;
				CLANG_ENABLE_OBJC_WEAK = YES;
				CLANG_WARN_BLOCK_CAPTURE_AUTORELEASING = YES;
				CLANG_WARN_BOOL_CONVERSION = YES;
				CLANG_WARN_COMMA = YES;
				CLANG_WARN_CONSTANT_CONVERSION = YES;
				CLANG_WARN_DEPRECATED_OBJC_IMPLEMENTATIONS = YES;
				CLANG_WARN_DIRECT_OBJC_ISA_USAGE = YES_ERROR;
				CLANG_WARN_DOCUMENTATION_COMMENTS = YES;
				CLANG_WARN_EMPTY_BODY = YES;
				CLANG_WARN_ENUM_CONVERSION = YES;
				CLANG_WARN_INFINITE_RECURSION = YES;
				CLANG_WARN_INT_CONVERSION = YES;
				CLANG_WARN_NON_LITERAL_NULL_CONVERSION = YES;
				CLANG_WARN_OBJC_IMPLICIT_RETAIN_SELF = YES;
				CLANG_WARN_OBJC_LITERAL_CONVERSION = YES;
				CLANG_WARN_OBJC_ROOT_CLASS = YES_ERROR;
				CLANG_WARN_QUOTED_INCLUDE_IN_FRAMEWORK_HEADER = YES;
				CLANG_WARN_RANGE_LOOP_ANALYSIS = YES;
				CLANG_WARN_STRICT_PROTOTYPES = YES;
				CLANG_WARN_SUSPICIOUS_MOVE = YES;
				CLANG_WARN_UNGUARDED_AVAILABILITY = YES_AGGRESSIVE;
				CLANG_WARN_UNREACHABLE_CODE = YES;
				CLANG_WARN__DUPLICATE_METHOD_MATCH = YES;
				COPY_PHASE_STRIP = NO;
				DEBUG_INFORMATION_FORMAT = dwarf;
				ENABLE_STRICT_OBJC_MSGSEND = YES;
				ENABLE_TESTABILITY = YES;
				GCC_C_LANGUAGE_STANDARD = gnu11;
				GCC_DYNAMIC_NO_PIC = NO;
				GCC_NO_COMMON_BLOCKS = YES;
				GCC_OPTIMIZATION_LEVEL = 0;
				GCC_PREPROCESSOR_DEFINITIONS = (
					"DEBUG=1",
					"$(inherited)",
				);
				GCC_WARN_64_TO_32_BIT_CONVERSION = YES;
				GCC_WARN_ABOUT_RETURN_TYPE = YES_ERROR;
				GCC_WARN_UNDECLARED_SELECTOR = YES;
				GCC_WARN_UNINITIALIZED_AUTOS = YES_AGGRESSIVE;
				GCC_WARN_UNUSED_FUNCTION = YES;
				GCC_WARN_UNUSED_VARIABLE = YES;
				IPHONEOS_DEPLOYMENT_TARGET = 15.0;
				MTL_ENABLE_DEBUG_INFO = INCLUDE_SOURCE;
				MTL_FAST_MATH = YES;
				ONLY_ACTIVE_ARCH = YES;
				SDKROOT = iphoneos;
				SWIFT_ACTIVE_COMPILATION_CONDITIONS = DEBUG;
				SWIFT_OPTIMIZATION_LEVEL = "-Onone";
			};
			name = Debug;
		};
		8E9C3A052690C15C0064E535 /* Release */ = {
			isa = XCBuildConfiguration;
			buildSettings = {
				ALWAYS_SEARCH_USER_PATHS = NO;
				CLANG_ANALYZER_NONNULL = YES;
				CLANG_ANALYZER_NUMBER_OBJECT_CONVERSION = YES_AGGRESSIVE;
				CLANG_CXX_LANGUAGE_STANDARD = "gnu++14";
				CLANG_CXX_LIBRARY = "libc++";
				CLANG_ENABLE_MODULES = YES;
				CLANG_ENABLE_OBJC_ARC = YES;
				CLANG_ENABLE_OBJC_WEAK = YES;
				CLANG_WARN_BLOCK_CAPTURE_AUTORELEASING = YES;
				CLANG_WARN_BOOL_CONVERSION = YES;
				CLANG_WARN_COMMA = YES;
				CLANG_WARN_CONSTANT_CONVERSION = YES;
				CLANG_WARN_DEPRECATED_OBJC_IMPLEMENTATIONS = YES;
				CLANG_WARN_DIRECT_OBJC_ISA_USAGE = YES_ERROR;
				CLANG_WARN_DOCUMENTATION_COMMENTS = YES;
				CLANG_WARN_EMPTY_BODY = YES;
				CLANG_WARN_ENUM_CONVERSION = YES;
				CLANG_WARN_INFINITE_RECURSION = YES;
				CLANG_WARN_INT_CONVERSION = YES;
				CLANG_WARN_NON_LITERAL_NULL_CONVERSION = YES;
				CLANG_WARN_OBJC_IMPLICIT_RETAIN_SELF = YES;
				CLANG_WARN_OBJC_LITERAL_CONVERSION = YES;
				CLANG_WARN_OBJC_ROOT_CLASS = YES_ERROR;
				CLANG_WARN_QUOTED_INCLUDE_IN_FRAMEWORK_HEADER = YES;
				CLANG_WARN_RANGE_LOOP_ANALYSIS = YES;
				CLANG_WARN_STRICT_PROTOTYPES = YES;
				CLANG_WARN_SUSPICIOUS_MOVE = YES;
				CLANG_WARN_UNGUARDED_AVAILABILITY = YES_AGGRESSIVE;
				CLANG_WARN_UNREACHABLE_CODE = YES;
				CLANG_WARN__DUPLICATE_METHOD_MATCH = YES;
				COPY_PHASE_STRIP = NO;
				DEBUG_INFORMATION_FORMAT = "dwarf-with-dsym";
				ENABLE_NS_ASSERTIONS = NO;
				ENABLE_STRICT_OBJC_MSGSEND = YES;
				GCC_C_LANGUAGE_STANDARD = gnu11;
				GCC_NO_COMMON_BLOCKS = YES;
				GCC_WARN_64_TO_32_BIT_CONVERSION = YES;
				GCC_WARN_ABOUT_RETURN_TYPE = YES_ERROR;
				GCC_WARN_UNDECLARED_SELECTOR = YES;
				GCC_WARN_UNINITIALIZED_AUTOS = YES_AGGRESSIVE;
				GCC_WARN_UNUSED_FUNCTION = YES;
				GCC_WARN_UNUSED_VARIABLE = YES;
				IPHONEOS_DEPLOYMENT_TARGET = 15.0;
				MTL_ENABLE_DEBUG_INFO = NO;
				MTL_FAST_MATH = YES;
				SDKROOT = iphoneos;
				SWIFT_COMPILATION_MODE = wholemodule;
				SWIFT_OPTIMIZATION_LEVEL = "-O";
				VALIDATE_PRODUCT = YES;
			};
			name = Release;
		};
		8E9C3A072690C15C0064E535 /* Debug */ = {
			isa = XCBuildConfiguration;
			buildSettings = {
				ASSETCATALOG_COMPILER_APPICON_NAME = AppIcon;
				ASSETCATALOG_COMPILER_GLOBAL_ACCENT_COLOR_NAME = AccentColor;
				CODE_SIGN_STYLE = Automatic;
				CURRENT_PROJECT_VERSION = 1;
				DEVELOPMENT_ASSET_PATHS = "";
				ENABLE_PREVIEWS = YES;
				GENERATE_INFOPLIST_FILE = YES;
				INFOPLIST_FILE = ios/System/Info.plist;
				INFOPLIST_KEY_CFBundleExecutable = ios;
				INFOPLIST_KEY_CFBundleName = ios;
				INFOPLIST_KEY_CFBundleVersion = 1;
				INFOPLIST_KEY_UIApplicationSceneManifest_Generation = YES;
				INFOPLIST_KEY_UIApplicationSupportsIndirectInputEvents = YES;
				INFOPLIST_KEY_UILaunchScreen_Generation = YES;
				INFOPLIST_KEY_UISupportedInterfaceOrientations = UIInterfaceOrientationPortrait;
				INFOPLIST_KEY_UISupportedInterfaceOrientations_iPad = "UIInterfaceOrientationPortrait UIInterfaceOrientationPortraitUpsideDown UIInterfaceOrientationLandscapeLeft UIInterfaceOrientationLandscapeRight";
				INFOPLIST_KEY_UISupportedInterfaceOrientations_iPhone = "UIInterfaceOrientationPortrait UIInterfaceOrientationLandscapeLeft UIInterfaceOrientationLandscapeRight";
				IPHONEOS_DEPLOYMENT_TARGET = 14.1;
				LD_RUNPATH_SEARCH_PATHS = (
					"$(inherited)",
					"@executable_path/Frameworks",
				);
				MARKETING_VERSION = 1.0;
				PRODUCT_BUNDLE_IDENTIFIER = com.iamsteve.ios;
				PRODUCT_NAME = "$(TARGET_NAME)";
				SWIFT_EMIT_LOC_STRINGS = YES;
				SWIFT_VERSION = 5.0;
				TARGETED_DEVICE_FAMILY = "1,2";
			};
			name = Debug;
		};
		8E9C3A082690C15C0064E535 /* Release */ = {
			isa = XCBuildConfiguration;
			buildSettings = {
				ASSETCATALOG_COMPILER_APPICON_NAME = AppIcon;
				ASSETCATALOG_COMPILER_GLOBAL_ACCENT_COLOR_NAME = AccentColor;
				CODE_SIGN_STYLE = Automatic;
				CURRENT_PROJECT_VERSION = 1;
				DEVELOPMENT_ASSET_PATHS = "";
				ENABLE_PREVIEWS = YES;
				GENERATE_INFOPLIST_FILE = YES;
				INFOPLIST_FILE = ios/System/Info.plist;
				INFOPLIST_KEY_CFBundleExecutable = ios;
				INFOPLIST_KEY_CFBundleName = ios;
				INFOPLIST_KEY_CFBundleVersion = 1;
				INFOPLIST_KEY_UIApplicationSceneManifest_Generation = YES;
				INFOPLIST_KEY_UIApplicationSupportsIndirectInputEvents = YES;
				INFOPLIST_KEY_UILaunchScreen_Generation = YES;
				INFOPLIST_KEY_UISupportedInterfaceOrientations = UIInterfaceOrientationPortrait;
				INFOPLIST_KEY_UISupportedInterfaceOrientations_iPad = "UIInterfaceOrientationPortrait UIInterfaceOrientationPortraitUpsideDown UIInterfaceOrientationLandscapeLeft UIInterfaceOrientationLandscapeRight";
				INFOPLIST_KEY_UISupportedInterfaceOrientations_iPhone = "UIInterfaceOrientationPortrait UIInterfaceOrientationLandscapeLeft UIInterfaceOrientationLandscapeRight";
				IPHONEOS_DEPLOYMENT_TARGET = 14.1;
				LD_RUNPATH_SEARCH_PATHS = (
					"$(inherited)",
					"@executable_path/Frameworks",
				);
				MARKETING_VERSION = 1.0;
				PRODUCT_BUNDLE_IDENTIFIER = com.iamsteve.ios;
				PRODUCT_NAME = "$(TARGET_NAME)";
				SWIFT_EMIT_LOC_STRINGS = YES;
				SWIFT_VERSION = 5.0;
				TARGETED_DEVICE_FAMILY = "1,2";
			};
			name = Release;
		};
/* End XCBuildConfiguration section */

/* Begin XCConfigurationList section */
		8E9C39F32690C15B0064E535 /* Build configuration list for PBXProject "ios" */ = {
			isa = XCConfigurationList;
			buildConfigurations = (
				8E9C3A042690C15C0064E535 /* Debug */,
				8E9C3A052690C15C0064E535 /* Release */,
			);
			defaultConfigurationIsVisible = 0;
			defaultConfigurationName = Release;
		};
		8E9C3A062690C15C0064E535 /* Build configuration list for PBXNativeTarget "ios" */ = {
			isa = XCConfigurationList;
			buildConfigurations = (
				8E9C3A072690C15C0064E535 /* Debug */,
				8E9C3A082690C15C0064E535 /* Release */,
			);
			defaultConfigurationIsVisible = 0;
			defaultConfigurationName = Release;
		};
/* End XCConfigurationList section */

/* Begin XCRemoteSwiftPackageReference section */
		8E989E652691BF3C00B4BA86 /* XCRemoteSwiftPackageReference "RxSwift" */ = {
			isa = XCRemoteSwiftPackageReference;
			repositoryURL = "https://github.com/ReactiveX/RxSwift";
			requirement = {
				kind = upToNextMajorVersion;
				minimumVersion = 6.0.0;
			};
		};
		8E989E7A2691C76200B4BA86 /* XCRemoteSwiftPackageReference "Swinject" */ = {
			isa = XCRemoteSwiftPackageReference;
			repositoryURL = "https://github.com/Swinject/Swinject";
			requirement = {
				kind = upToNextMajorVersion;
				minimumVersion = 2.0.0;
			};
		};
/* End XCRemoteSwiftPackageReference section */

/* Begin XCSwiftPackageProductDependency section */
		8E989E662691BF3C00B4BA86 /* RxSwift */ = {
			isa = XCSwiftPackageProductDependency;
			package = 8E989E652691BF3C00B4BA86 /* XCRemoteSwiftPackageReference "RxSwift" */;
			productName = RxSwift;
		};
		8E989E7B2691C76200B4BA86 /* Swinject */ = {
			isa = XCSwiftPackageProductDependency;
			package = 8E989E7A2691C76200B4BA86 /* XCRemoteSwiftPackageReference "Swinject" */;
			productName = Swinject;
		};
/* End XCSwiftPackageProductDependency section */
	};
	rootObject = 8E9C39F02690C15B0064E535 /* Project object */;
}
